// !$*UTF8*$!
{
	archiveVersion = 1;
	classes = {
	};
	objectVersion = 56;
	objects = {

/* Begin PBXBuildFile section */
		AA988AB02A5960F300AE32D7 /* InstgramAppApp.swift in Sources */ = {isa = PBXBuildFile; fileRef = AA988AAF2A5960F300AE32D7 /* InstgramAppApp.swift */; };
		AA988AB22A5960F300AE32D7 /* ContentView.swift in Sources */ = {isa = PBXBuildFile; fileRef = AA988AB12A5960F300AE32D7 /* ContentView.swift */; };
		AA988AB42A5960F400AE32D7 /* Assets.xcassets in Resources */ = {isa = PBXBuildFile; fileRef = AA988AB32A5960F400AE32D7 /* Assets.xcassets */; };
		AA988AB72A5960F400AE32D7 /* Preview Assets.xcassets in Resources */ = {isa = PBXBuildFile; fileRef = AA988AB62A5960F400AE32D7 /* Preview Assets.xcassets */; };
		AA988AC12A5960F400AE32D7 /* InstgramAppTests.swift in Sources */ = {isa = PBXBuildFile; fileRef = AA988AC02A5960F400AE32D7 /* InstgramAppTests.swift */; };
		AA988ACB2A5960F400AE32D7 /* InstgramAppUITests.swift in Sources */ = {isa = PBXBuildFile; fileRef = AA988ACA2A5960F400AE32D7 /* InstgramAppUITests.swift */; };
		AA988ACD2A5960F400AE32D7 /* InstgramAppUITestsLaunchTests.swift in Sources */ = {isa = PBXBuildFile; fileRef = AA988ACC2A5960F400AE32D7 /* InstgramAppUITestsLaunchTests.swift */; };
		AA988AE62A59621600AE32D7 /* MainTabView.swift in Sources */ = {isa = PBXBuildFile; fileRef = AA988AE52A59621600AE32D7 /* MainTabView.swift */; };
		AA988AE82A5968B400AE32D7 /* ProfileView.swift in Sources */ = {isa = PBXBuildFile; fileRef = AA988AE72A5968B400AE32D7 /* ProfileView.swift */; };
		AA988AED2A59858C00AE32D7 /* UserStatView.swift in Sources */ = {isa = PBXBuildFile; fileRef = AA988AEC2A59858C00AE32D7 /* UserStatView.swift */; };
		AA988AEF2A59E21700AE32D7 /* FeedView.swift in Sources */ = {isa = PBXBuildFile; fileRef = AA988AEE2A59E21700AE32D7 /* FeedView.swift */; };
		AA988AF12A59E7BC00AE32D7 /* FeelCell.swift in Sources */ = {isa = PBXBuildFile; fileRef = AA988AF02A59E7BC00AE32D7 /* FeelCell.swift */; };
		AA988AF32A59FEFD00AE32D7 /* SearchView.swift in Sources */ = {isa = PBXBuildFile; fileRef = AA988AF22A59FEFD00AE32D7 /* SearchView.swift */; };
		AA988AF52A5ABD9D00AE32D7 /* LoginView.swift in Sources */ = {isa = PBXBuildFile; fileRef = AA988AF42A5ABD9D00AE32D7 /* LoginView.swift */; };
		AA988AF72A5AF42600AE32D7 /* AddEmailView.swift in Sources */ = {isa = PBXBuildFile; fileRef = AA988AF62A5AF42600AE32D7 /* AddEmailView.swift */; };
		AA988AF92A5C7B0500AE32D7 /* IGTextFieldModifier.swift in Sources */ = {isa = PBXBuildFile; fileRef = AA988AF82A5C7B0500AE32D7 /* IGTextFieldModifier.swift */; };
		AA988AFB2A5C862F00AE32D7 /* CreateUserNameView.swift in Sources */ = {isa = PBXBuildFile; fileRef = AA988AFA2A5C862F00AE32D7 /* CreateUserNameView.swift */; };
		AAF5B7C92A61529D006A0F7C /* User.swift in Sources */ = {isa = PBXBuildFile; fileRef = AAF5B7C82A61529D006A0F7C /* User.swift */; };
/* End PBXBuildFile section */

/* Begin PBXContainerItemProxy section */
		AA988ABD2A5960F400AE32D7 /* PBXContainerItemProxy */ = {
			isa = PBXContainerItemProxy;
			containerPortal = AA988AA42A5960F300AE32D7 /* Project object */;
			proxyType = 1;
			remoteGlobalIDString = AA988AAB2A5960F300AE32D7;
			remoteInfo = InstgramApp;
		};
		AA988AC72A5960F400AE32D7 /* PBXContainerItemProxy */ = {
			isa = PBXContainerItemProxy;
			containerPortal = AA988AA42A5960F300AE32D7 /* Project object */;
			proxyType = 1;
			remoteGlobalIDString = AA988AAB2A5960F300AE32D7;
			remoteInfo = InstgramApp;
		};
/* End PBXContainerItemProxy section */

/* Begin PBXFileReference section */
		AA988AAC2A5960F300AE32D7 /* InstgramApp.app */ = {isa = PBXFileReference; explicitFileType = wrapper.application; includeInIndex = 0; path = InstgramApp.app; sourceTree = BUILT_PRODUCTS_DIR; };
		AA988AAF2A5960F300AE32D7 /* InstgramAppApp.swift */ = {isa = PBXFileReference; lastKnownFileType = sourcecode.swift; path = InstgramAppApp.swift; sourceTree = "<group>"; };
		AA988AB12A5960F300AE32D7 /* ContentView.swift */ = {isa = PBXFileReference; lastKnownFileType = sourcecode.swift; path = ContentView.swift; sourceTree = "<group>"; };
		AA988AB32A5960F400AE32D7 /* Assets.xcassets */ = {isa = PBXFileReference; lastKnownFileType = folder.assetcatalog; path = Assets.xcassets; sourceTree = "<group>"; };
		AA988AB62A5960F400AE32D7 /* Preview Assets.xcassets */ = {isa = PBXFileReference; lastKnownFileType = folder.assetcatalog; path = "Preview Assets.xcassets"; sourceTree = "<group>"; };
		AA988ABC2A5960F400AE32D7 /* InstgramAppTests.xctest */ = {isa = PBXFileReference; explicitFileType = wrapper.cfbundle; includeInIndex = 0; path = InstgramAppTests.xctest; sourceTree = BUILT_PRODUCTS_DIR; };
		AA988AC02A5960F400AE32D7 /* InstgramAppTests.swift */ = {isa = PBXFileReference; lastKnownFileType = sourcecode.swift; path = InstgramAppTests.swift; sourceTree = "<group>"; };
		AA988AC62A5960F400AE32D7 /* InstgramAppUITests.xctest */ = {isa = PBXFileReference; explicitFileType = wrapper.cfbundle; includeInIndex = 0; path = InstgramAppUITests.xctest; sourceTree = BUILT_PRODUCTS_DIR; };
		AA988ACA2A5960F400AE32D7 /* InstgramAppUITests.swift */ = {isa = PBXFileReference; lastKnownFileType = sourcecode.swift; path = InstgramAppUITests.swift; sourceTree = "<group>"; };
		AA988ACC2A5960F400AE32D7 /* InstgramAppUITestsLaunchTests.swift */ = {isa = PBXFileReference; lastKnownFileType = sourcecode.swift; path = InstgramAppUITestsLaunchTests.swift; sourceTree = "<group>"; };
		AA988AE52A59621600AE32D7 /* MainTabView.swift */ = {isa = PBXFileReference; lastKnownFileType = sourcecode.swift; path = MainTabView.swift; sourceTree = "<group>"; };
		AA988AE72A5968B400AE32D7 /* ProfileView.swift */ = {isa = PBXFileReference; lastKnownFileType = sourcecode.swift; path = ProfileView.swift; sourceTree = "<group>"; };
		AA988AEC2A59858C00AE32D7 /* UserStatView.swift */ = {isa = PBXFileReference; lastKnownFileType = sourcecode.swift; path = UserStatView.swift; sourceTree = "<group>"; };
		AA988AEE2A59E21700AE32D7 /* FeedView.swift */ = {isa = PBXFileReference; lastKnownFileType = sourcecode.swift; path = FeedView.swift; sourceTree = "<group>"; };
		AA988AF02A59E7BC00AE32D7 /* FeelCell.swift */ = {isa = PBXFileReference; lastKnownFileType = sourcecode.swift; path = FeelCell.swift; sourceTree = "<group>"; };
		AA988AF22A59FEFD00AE32D7 /* SearchView.swift */ = {isa = PBXFileReference; lastKnownFileType = sourcecode.swift; path = SearchView.swift; sourceTree = "<group>"; };
		AA988AF42A5ABD9D00AE32D7 /* LoginView.swift */ = {isa = PBXFileReference; lastKnownFileType = sourcecode.swift; path = LoginView.swift; sourceTree = "<group>"; };
		AA988AF62A5AF42600AE32D7 /* AddEmailView.swift */ = {isa = PBXFileReference; lastKnownFileType = sourcecode.swift; path = AddEmailView.swift; sourceTree = "<group>"; };
		AA988AF82A5C7B0500AE32D7 /* IGTextFieldModifier.swift */ = {isa = PBXFileReference; lastKnownFileType = sourcecode.swift; path = IGTextFieldModifier.swift; sourceTree = "<group>"; };
		AA988AFA2A5C862F00AE32D7 /* CreateUserNameView.swift */ = {isa = PBXFileReference; lastKnownFileType = sourcecode.swift; path = CreateUserNameView.swift; sourceTree = "<group>"; };
		AAF5B7C82A61529D006A0F7C /* User.swift */ = {isa = PBXFileReference; lastKnownFileType = sourcecode.swift; path = User.swift; sourceTree = "<group>"; };
/* End PBXFileReference section */

/* Begin PBXFrameworksBuildPhase section */
		AA988AA92A5960F300AE32D7 /* Frameworks */ = {
			isa = PBXFrameworksBuildPhase;
			buildActionMask = 2147483647;
			files = (
			);
			runOnlyForDeploymentPostprocessing = 0;
		};
		AA988AB92A5960F400AE32D7 /* Frameworks */ = {
			isa = PBXFrameworksBuildPhase;
			buildActionMask = 2147483647;
			files = (
			);
			runOnlyForDeploymentPostprocessing = 0;
		};
		AA988AC32A5960F400AE32D7 /* Frameworks */ = {
			isa = PBXFrameworksBuildPhase;
			buildActionMask = 2147483647;
			files = (
			);
			runOnlyForDeploymentPostprocessing = 0;
		};
/* End PBXFrameworksBuildPhase section */

/* Begin PBXGroup section */
		AA988AA32A5960F300AE32D7 = {
			isa = PBXGroup;
			children = (
				AA988AAE2A5960F300AE32D7 /* InstgramApp */,
				AA988ABF2A5960F400AE32D7 /* InstgramAppTests */,
				AA988AC92A5960F400AE32D7 /* InstgramAppUITests */,
				AA988AAD2A5960F300AE32D7 /* Products */,
			);
			sourceTree = "<group>";
		};
		AA988AAD2A5960F300AE32D7 /* Products */ = {
			isa = PBXGroup;
			children = (
				AA988AAC2A5960F300AE32D7 /* InstgramApp.app */,
				AA988ABC2A5960F400AE32D7 /* InstgramAppTests.xctest */,
				AA988AC62A5960F400AE32D7 /* InstgramAppUITests.xctest */,
			);
			name = Products;
			sourceTree = "<group>";
		};
		AA988AAE2A5960F300AE32D7 /* InstgramApp */ = {
			isa = PBXGroup;
			children = (
				AA988ADD2A59616F00AE32D7 /* Services */,
				AA988ADC2A59615F00AE32D7 /* Model */,
				AA988ADB2A59614A00AE32D7 /* Extentions */,
				AA988ADA2A59613F00AE32D7 /* Core */,
				AA988AD92A59612100AE32D7 /* AApp */,
				AA988AB12A5960F300AE32D7 /* ContentView.swift */,
				AA988AB32A5960F400AE32D7 /* Assets.xcassets */,
				AA988AB52A5960F400AE32D7 /* Preview Content */,
			);
			path = InstgramApp;
			sourceTree = "<group>";
		};
		AA988AB52A5960F400AE32D7 /* Preview Content */ = {
			isa = PBXGroup;
			children = (
				AA988AB62A5960F400AE32D7 /* Preview Assets.xcassets */,
			);
			path = "Preview Content";
			sourceTree = "<group>";
		};
		AA988ABF2A5960F400AE32D7 /* InstgramAppTests */ = {
			isa = PBXGroup;
			children = (
				AA988AC02A5960F400AE32D7 /* InstgramAppTests.swift */,
			);
			path = InstgramAppTests;
			sourceTree = "<group>";
		};
		AA988AC92A5960F400AE32D7 /* InstgramAppUITests */ = {
			isa = PBXGroup;
			children = (
				AA988ACA2A5960F400AE32D7 /* InstgramAppUITests.swift */,
				AA988ACC2A5960F400AE32D7 /* InstgramAppUITestsLaunchTests.swift */,
			);
			path = InstgramAppUITests;
			sourceTree = "<group>";
		};
		AA988AD92A59612100AE32D7 /* AApp */ = {
			isa = PBXGroup;
			children = (
				AA988AAF2A5960F300AE32D7 /* InstgramAppApp.swift */,
			);
			path = AApp;
			sourceTree = "<group>";
		};
		AA988ADA2A59613F00AE32D7 /* Core */ = {
			isa = PBXGroup;
			children = (
				AA988AEB2A59856F00AE32D7 /* Components */,
				AA988AE32A5961BC00AE32D7 /* TabBar */,
				AA988AE42A5961CF00AE32D7 /* UploadPost */,
				AA988AE22A5961B000AE32D7 /* Search */,
				AA988AE12A5961A100AE32D7 /* Profile */,
				AA988AE02A59619500AE32D7 /* Root */,
				AA988ADF2A59618C00AE32D7 /* Feed */,
				AA988ADE2A59618200AE32D7 /* Auth */,
			);
			path = Core;
			sourceTree = "<group>";
		};
		AA988ADB2A59614A00AE32D7 /* Extentions */ = {
			isa = PBXGroup;
			children = (
			);
			path = Extentions;
			sourceTree = "<group>";
		};
		AA988ADC2A59615F00AE32D7 /* Model */ = {
			isa = PBXGroup;
			children = (
				AAF5B7C82A61529D006A0F7C /* User.swift */,
			);
			path = Model;
			sourceTree = "<group>";
		};
		AA988ADD2A59616F00AE32D7 /* Services */ = {
			isa = PBXGroup;
			children = (
			);
			path = Services;
			sourceTree = "<group>";
		};
		AA988ADE2A59618200AE32D7 /* Auth */ = {
			isa = PBXGroup;
			children = (
				AA988AF42A5ABD9D00AE32D7 /* LoginView.swift */,
				AA988AF62A5AF42600AE32D7 /* AddEmailView.swift */,
				AA988AFA2A5C862F00AE32D7 /* CreateUserNameView.swift */,
			);
			path = Auth;
			sourceTree = "<group>";
		};
		AA988ADF2A59618C00AE32D7 /* Feed */ = {
			isa = PBXGroup;
			children = (
				AA988AEE2A59E21700AE32D7 /* FeedView.swift */,
			);
			path = Feed;
			sourceTree = "<group>";
		};
		AA988AE02A59619500AE32D7 /* Root */ = {
			isa = PBXGroup;
			children = (
			);
			path = Root;
			sourceTree = "<group>";
		};
		AA988AE12A5961A100AE32D7 /* Profile */ = {
			isa = PBXGroup;
			children = (
				AA988AE72A5968B400AE32D7 /* ProfileView.swift */,
			);
			path = Profile;
			sourceTree = "<group>";
		};
		AA988AE22A5961B000AE32D7 /* Search */ = {
			isa = PBXGroup;
			children = (
				AA988AF22A59FEFD00AE32D7 /* SearchView.swift */,
			);
			path = Search;
			sourceTree = "<group>";
		};
		AA988AE32A5961BC00AE32D7 /* TabBar */ = {
			isa = PBXGroup;
			children = (
				AA988AE52A59621600AE32D7 /* MainTabView.swift */,
			);
			path = TabBar;
			sourceTree = "<group>";
		};
		AA988AE42A5961CF00AE32D7 /* UploadPost */ = {
			isa = PBXGroup;
			children = (
			);
			path = UploadPost;
			sourceTree = "<group>";
		};
		AA988AEB2A59856F00AE32D7 /* Components */ = {
			isa = PBXGroup;
			children = (
				AA988AEC2A59858C00AE32D7 /* UserStatView.swift */,
				AA988AF02A59E7BC00AE32D7 /* FeelCell.swift */,
				AA988AF82A5C7B0500AE32D7 /* IGTextFieldModifier.swift */,
			);
			path = Components;
			sourceTree = "<group>";
		};
/* End PBXGroup section */

/* Begin PBXNativeTarget section */
		AA988AAB2A5960F300AE32D7 /* InstgramApp */ = {
			isa = PBXNativeTarget;
			buildConfigurationList = AA988AD02A5960F400AE32D7 /* Build configuration list for PBXNativeTarget "InstgramApp" */;
			buildPhases = (
				AA988AA82A5960F300AE32D7 /* Sources */,
				AA988AA92A5960F300AE32D7 /* Frameworks */,
				AA988AAA2A5960F300AE32D7 /* Resources */,
			);
			buildRules = (
			);
			dependencies = (
			);
			name = InstgramApp;
			productName = InstgramApp;
			productReference = AA988AAC2A5960F300AE32D7 /* InstgramApp.app */;
			productType = "com.apple.product-type.application";
		};
		AA988ABB2A5960F400AE32D7 /* InstgramAppTests */ = {
			isa = PBXNativeTarget;
			buildConfigurationList = AA988AD32A5960F400AE32D7 /* Build configuration list for PBXNativeTarget "InstgramAppTests" */;
			buildPhases = (
				AA988AB82A5960F400AE32D7 /* Sources */,
				AA988AB92A5960F400AE32D7 /* Frameworks */,
				AA988ABA2A5960F400AE32D7 /* Resources */,
			);
			buildRules = (
			);
			dependencies = (
				AA988ABE2A5960F400AE32D7 /* PBXTargetDependency */,
			);
			name = InstgramAppTests;
			productName = InstgramAppTests;
			productReference = AA988ABC2A5960F400AE32D7 /* InstgramAppTests.xctest */;
			productType = "com.apple.product-type.bundle.unit-test";
		};
		AA988AC52A5960F400AE32D7 /* InstgramAppUITests */ = {
			isa = PBXNativeTarget;
			buildConfigurationList = AA988AD62A5960F400AE32D7 /* Build configuration list for PBXNativeTarget "InstgramAppUITests" */;
			buildPhases = (
				AA988AC22A5960F400AE32D7 /* Sources */,
				AA988AC32A5960F400AE32D7 /* Frameworks */,
				AA988AC42A5960F400AE32D7 /* Resources */,
			);
			buildRules = (
			);
			dependencies = (
				AA988AC82A5960F400AE32D7 /* PBXTargetDependency */,
			);
			name = InstgramAppUITests;
			productName = InstgramAppUITests;
			productReference = AA988AC62A5960F400AE32D7 /* InstgramAppUITests.xctest */;
			productType = "com.apple.product-type.bundle.ui-testing";
		};
/* End PBXNativeTarget section */

/* Begin PBXProject section */
		AA988AA42A5960F300AE32D7 /* Project object */ = {
			isa = PBXProject;
			attributes = {
				BuildIndependentTargetsInParallel = 1;
				LastSwiftUpdateCheck = 1430;
				LastUpgradeCheck = 1430;
				TargetAttributes = {
					AA988AAB2A5960F300AE32D7 = {
						CreatedOnToolsVersion = 14.3;
					};
					AA988ABB2A5960F400AE32D7 = {
						CreatedOnToolsVersion = 14.3;
						TestTargetID = AA988AAB2A5960F300AE32D7;
					};
					AA988AC52A5960F400AE32D7 = {
						CreatedOnToolsVersion = 14.3;
						TestTargetID = AA988AAB2A5960F300AE32D7;
					};
				};
			};
			buildConfigurationList = AA988AA72A5960F300AE32D7 /* Build configuration list for PBXProject "InstgramApp" */;
			compatibilityVersion = "Xcode 14.0";
			developmentRegion = en;
			hasScannedForEncodings = 0;
			knownRegions = (
				en,
				Base,
			);
			mainGroup = AA988AA32A5960F300AE32D7;
			productRefGroup = AA988AAD2A5960F300AE32D7 /* Products */;
			projectDirPath = "";
			projectRoot = "";
			targets = (
				AA988AAB2A5960F300AE32D7 /* InstgramApp */,
				AA988ABB2A5960F400AE32D7 /* InstgramAppTests */,
				AA988AC52A5960F400AE32D7 /* InstgramAppUITests */,
			);
		};
/* End PBXProject section */

/* Begin PBXResourcesBuildPhase section */
		AA988AAA2A5960F300AE32D7 /* Resources */ = {
			isa = PBXResourcesBuildPhase;
			buildActionMask = 2147483647;
			files = (
				AA988AB72A5960F400AE32D7 /* Preview Assets.xcassets in Resources */,
				AA988AB42A5960F400AE32D7 /* Assets.xcassets in Resources */,
			);
			runOnlyForDeploymentPostprocessing = 0;
		};
		AA988ABA2A5960F400AE32D7 /* Resources */ = {
			isa = PBXResourcesBuildPhase;
			buildActionMask = 2147483647;
			files = (
			);
			runOnlyForDeploymentPostprocessing = 0;
		};
		AA988AC42A5960F400AE32D7 /* Resources */ = {
			isa = PBXResourcesBuildPhase;
			buildActionMask = 2147483647;
			files = (
			);
			runOnlyForDeploymentPostprocessing = 0;
		};
/* End PBXResourcesBuildPhase section */

/* Begin PBXSourcesBuildPhase section */
		AA988AA82A5960F300AE32D7 /* Sources */ = {
			isa = PBXSourcesBuildPhase;
			buildActionMask = 2147483647;
			files = (
				AAF5B7C92A61529D006A0F7C /* User.swift in Sources */,
				AA988AE82A5968B400AE32D7 /* ProfileView.swift in Sources */,
				AA988AB22A5960F300AE32D7 /* ContentView.swift in Sources */,
				AA988AFB2A5C862F00AE32D7 /* CreateUserNameView.swift in Sources */,
				AA988AB02A5960F300AE32D7 /* InstgramAppApp.swift in Sources */,
				AA988AF52A5ABD9D00AE32D7 /* LoginView.swift in Sources */,
				AA988AED2A59858C00AE32D7 /* UserStatView.swift in Sources */,
				AA988AF72A5AF42600AE32D7 /* AddEmailView.swift in Sources */,
				AA988AF32A59FEFD00AE32D7 /* SearchView.swift in Sources */,
				AA988AF92A5C7B0500AE32D7 /* IGTextFieldModifier.swift in Sources */,
				AA988AEF2A59E21700AE32D7 /* FeedView.swift in Sources */,
				AA988AF12A59E7BC00AE32D7 /* FeelCell.swift in Sources */,
				AA988AE62A59621600AE32D7 /* MainTabView.swift in Sources */,
			);
			runOnlyForDeploymentPostprocessing = 0;
		};
		AA988AB82A5960F400AE32D7 /* Sources */ = {
			isa = PBXSourcesBuildPhase;
			buildActionMask = 2147483647;
			files = (
				AA988AC12A5960F400AE32D7 /* InstgramAppTests.swift in Sources */,
			);
			runOnlyForDeploymentPostprocessing = 0;
		};
		AA988AC22A5960F400AE32D7 /* Sources */ = {
			isa = PBXSourcesBuildPhase;
			buildActionMask = 2147483647;
			files = (
				AA988ACB2A5960F400AE32D7 /* InstgramAppUITests.swift in Sources */,
				AA988ACD2A5960F400AE32D7 /* InstgramAppUITestsLaunchTests.swift in Sources */,
			);
			runOnlyForDeploymentPostprocessing = 0;
		};
/* End PBXSourcesBuildPhase section */

/* Begin PBXTargetDependency section */
		AA988ABE2A5960F400AE32D7 /* PBXTargetDependency */ = {
			isa = PBXTargetDependency;
			target = AA988AAB2A5960F300AE32D7 /* InstgramApp */;
			targetProxy = AA988ABD2A5960F400AE32D7 /* PBXContainerItemProxy */;
		};
		AA988AC82A5960F400AE32D7 /* PBXTargetDependency */ = {
			isa = PBXTargetDependency;
			target = AA988AAB2A5960F300AE32D7 /* InstgramApp */;
			targetProxy = AA988AC72A5960F400AE32D7 /* PBXContainerItemProxy */;
		};
/* End PBXTargetDependency section */

/* Begin XCBuildConfiguration section */
		AA988ACE2A5960F400AE32D7 /* Debug */ = {
			isa = XCBuildConfiguration;
			buildSettings = {
				ALWAYS_SEARCH_USER_PATHS = NO;
				CLANG_ANALYZER_NONNULL = YES;
				CLANG_ANALYZER_NUMBER_OBJECT_CONVERSION = YES_AGGRESSIVE;
				CLANG_CXX_LANGUAGE_STANDARD = "gnu++20";
				CLANG_ENABLE_MODULES = YES;
				CLANG_ENABLE_OBJC_ARC = YES;
				CLANG_ENABLE_OBJC_WEAK = YES;
				CLANG_WARN_BLOCK_CAPTURE_AUTORELEASING = YES;
				CLANG_WARN_BOOL_CONVERSION = YES;
				CLANG_WARN_COMMA = YES;
				CLANG_WARN_CONSTANT_CONVERSION = YES;
				CLANG_WARN_DEPRECATED_OBJC_IMPLEMENTATIONS = YES;
				CLANG_WARN_DIRECT_OBJC_ISA_USAGE = YES_ERROR;
				CLANG_WARN_DOCUMENTATION_COMMENTS = YES;
				CLANG_WARN_EMPTY_BODY = YES;
				CLANG_WARN_ENUM_CONVERSION = YES;
				CLANG_WARN_INFINITE_RECURSION = YES;
				CLANG_WARN_INT_CONVERSION = YES;
				CLANG_WARN_NON_LITERAL_NULL_CONVERSION = YES;
				CLANG_WARN_OBJC_IMPLICIT_RETAIN_SELF = YES;
				CLANG_WARN_OBJC_LITERAL_CONVERSION = YES;
				CLANG_WARN_OBJC_ROOT_CLASS = YES_ERROR;
				CLANG_WARN_QUOTED_INCLUDE_IN_FRAMEWORK_HEADER = YES;
				CLANG_WARN_RANGE_LOOP_ANALYSIS = YES;
				CLANG_WARN_STRICT_PROTOTYPES = YES;
				CLANG_WARN_SUSPICIOUS_MOVE = YES;
				CLANG_WARN_UNGUARDED_AVAILABILITY = YES_AGGRESSIVE;
				CLANG_WARN_UNREACHABLE_CODE = YES;
				CLANG_WARN__DUPLICATE_METHOD_MATCH = YES;
				COPY_PHASE_STRIP = NO;
				DEBUG_INFORMATION_FORMAT = dwarf;
				ENABLE_STRICT_OBJC_MSGSEND = YES;
				ENABLE_TESTABILITY = YES;
				GCC_C_LANGUAGE_STANDARD = gnu11;
				GCC_DYNAMIC_NO_PIC = NO;
				GCC_NO_COMMON_BLOCKS = YES;
				GCC_OPTIMIZATION_LEVEL = 0;
				GCC_PREPROCESSOR_DEFINITIONS = (
					"DEBUG=1",
					"$(inherited)",
				);
				GCC_WARN_64_TO_32_BIT_CONVERSION = YES;
				GCC_WARN_ABOUT_RETURN_TYPE = YES_ERROR;
				GCC_WARN_UNDECLARED_SELECTOR = YES;
				GCC_WARN_UNINITIALIZED_AUTOS = YES_AGGRESSIVE;
				GCC_WARN_UNUSED_FUNCTION = YES;
				GCC_WARN_UNUSED_VARIABLE = YES;
				IPHONEOS_DEPLOYMENT_TARGET = 16.4;
				MTL_ENABLE_DEBUG_INFO = INCLUDE_SOURCE;
				MTL_FAST_MATH = YES;
				ONLY_ACTIVE_ARCH = YES;
				SDKROOT = iphoneos;
				SWIFT_ACTIVE_COMPILATION_CONDITIONS = DEBUG;
				SWIFT_OPTIMIZATION_LEVEL = "-Onone";
			};
			name = Debug;
		};
		AA988ACF2A5960F400AE32D7 /* Release */ = {
			isa = XCBuildConfiguration;
			buildSettings = {
				ALWAYS_SEARCH_USER_PATHS = NO;
				CLANG_ANALYZER_NONNULL = YES;
				CLANG_ANALYZER_NUMBER_OBJECT_CONVERSION = YES_AGGRESSIVE;
				CLANG_CXX_LANGUAGE_STANDARD = "gnu++20";
				CLANG_ENABLE_MODULES = YES;
				CLANG_ENABLE_OBJC_ARC = YES;
				CLANG_ENABLE_OBJC_WEAK = YES;
				CLANG_WARN_BLOCK_CAPTURE_AUTORELEASING = YES;
				CLANG_WARN_BOOL_CONVERSION = YES;
				CLANG_WARN_COMMA = YES;
				CLANG_WARN_CONSTANT_CONVERSION = YES;
				CLANG_WARN_DEPRECATED_OBJC_IMPLEMENTATIONS = YES;
				CLANG_WARN_DIRECT_OBJC_ISA_USAGE = YES_ERROR;
				CLANG_WARN_DOCUMENTATION_COMMENTS = YES;
				CLANG_WARN_EMPTY_BODY = YES;
				CLANG_WARN_ENUM_CONVERSION = YES;
				CLANG_WARN_INFINITE_RECURSION = YES;
				CLANG_WARN_INT_CONVERSION = YES;
				CLANG_WARN_NON_LITERAL_NULL_CONVERSION = YES;
				CLANG_WARN_OBJC_IMPLICIT_RETAIN_SELF = YES;
				CLANG_WARN_OBJC_LITERAL_CONVERSION = YES;
				CLANG_WARN_OBJC_ROOT_CLASS = YES_ERROR;
				CLANG_WARN_QUOTED_INCLUDE_IN_FRAMEWORK_HEADER = YES;
				CLANG_WARN_RANGE_LOOP_ANALYSIS = YES;
				CLANG_WARN_STRICT_PROTOTYPES = YES;
				CLANG_WARN_SUSPICIOUS_MOVE = YES;
				CLANG_WARN_UNGUARDED_AVAILABILITY = YES_AGGRESSIVE;
				CLANG_WARN_UNREACHABLE_CODE = YES;
				CLANG_WARN__DUPLICATE_METHOD_MATCH = YES;
				COPY_PHASE_STRIP = NO;
				DEBUG_INFORMATION_FORMAT = "dwarf-with-dsym";
				ENABLE_NS_ASSERTIONS = NO;
				ENABLE_STRICT_OBJC_MSGSEND = YES;
				GCC_C_LANGUAGE_STANDARD = gnu11;
				GCC_NO_COMMON_BLOCKS = YES;
				GCC_WARN_64_TO_32_BIT_CONVERSION = YES;
				GCC_WARN_ABOUT_RETURN_TYPE = YES_ERROR;
				GCC_WARN_UNDECLARED_SELECTOR = YES;
				GCC_WARN_UNINITIALIZED_AUTOS = YES_AGGRESSIVE;
				GCC_WARN_UNUSED_FUNCTION = YES;
				GCC_WARN_UNUSED_VARIABLE = YES;
				IPHONEOS_DEPLOYMENT_TARGET = 16.4;
				MTL_ENABLE_DEBUG_INFO = NO;
				MTL_FAST_MATH = YES;
				SDKROOT = iphoneos;
				SWIFT_COMPILATION_MODE = wholemodule;
				SWIFT_OPTIMIZATION_LEVEL = "-O";
				VALIDATE_PRODUCT = YES;
			};
			name = Release;
		};
		AA988AD12A5960F400AE32D7 /* Debug */ = {
			isa = XCBuildConfiguration;
			buildSettings = {
				ASSETCATALOG_COMPILER_APPICON_NAME = AppIcon;
				ASSETCATALOG_COMPILER_GLOBAL_ACCENT_COLOR_NAME = AccentColor;
				CODE_SIGN_IDENTITY = "Apple Development";
				CODE_SIGN_STYLE = Automatic;
				CURRENT_PROJECT_VERSION = 1;
				DEVELOPMENT_ASSET_PATHS = "\"InstgramApp/Preview Content\"";
				DEVELOPMENT_TEAM = SW62CPP9J6;
				ENABLE_PREVIEWS = YES;
				GENERATE_INFOPLIST_FILE = YES;
				INFOPLIST_KEY_CFBundleDisplayName = Insta;
				INFOPLIST_KEY_UIApplicationSceneManifest_Generation = YES;
				INFOPLIST_KEY_UIApplicationSupportsIndirectInputEvents = YES;
				INFOPLIST_KEY_UILaunchScreen_Generation = YES;
				INFOPLIST_KEY_UISupportedInterfaceOrientations_iPad = "UIInterfaceOrientationPortrait UIInterfaceOrientationPortraitUpsideDown UIInterfaceOrientationLandscapeLeft UIInterfaceOrientationLandscapeRight";
				INFOPLIST_KEY_UISupportedInterfaceOrientations_iPhone = "UIInterfaceOrientationPortrait UIInterfaceOrientationLandscapeLeft UIInterfaceOrientationLandscapeRight";
				LD_RUNPATH_SEARCH_PATHS = (
					"$(inherited)",
					"@executable_path/Frameworks",
				);
				MARKETING_VERSION = 1.0;
				PRODUCT_BUNDLE_IDENTIFIER = doubleclick.InstgramApp;
				PRODUCT_NAME = "$(TARGET_NAME)";
				PROVISIONING_PROFILE_SPECIFIER = "";
				SWIFT_EMIT_LOC_STRINGS = YES;
				SWIFT_VERSION = 5.0;
				TARGETED_DEVICE_FAMILY = "1,2";
			};
			name = Debug;
		};
		AA988AD22A5960F400AE32D7 /* Release */ = {
			isa = XCBuildConfiguration;
			buildSettings = {
				ASSETCATALOG_COMPILER_APPICON_NAME = AppIcon;
				ASSETCATALOG_COMPILER_GLOBAL_ACCENT_COLOR_NAME = AccentColor;
				CODE_SIGN_IDENTITY = "Apple Development";
				CODE_SIGN_STYLE = Automatic;
				CURRENT_PROJECT_VERSION = 1;
				DEVELOPMENT_ASSET_PATHS = "\"InstgramApp/Preview Content\"";
				DEVELOPMENT_TEAM = SW62CPP9J6;
				ENABLE_PREVIEWS = YES;
				GENERATE_INFOPLIST_FILE = YES;
				INFOPLIST_KEY_CFBundleDisplayName = Insta;
				INFOPLIST_KEY_UIApplicationSceneManifest_Generation = YES;
				INFOPLIST_KEY_UIApplicationSupportsIndirectInputEvents = YES;
				INFOPLIST_KEY_UILaunchScreen_Generation = YES;
				INFOPLIST_KEY_UISupportedInterfaceOrientations_iPad = "UIInterfaceOrientationPortrait UIInterfaceOrientationPortraitUpsideDown UIInterfaceOrientationLandscapeLeft UIInterfaceOrientationLandscapeRight";
				INFOPLIST_KEY_UISupportedInterfaceOrientations_iPhone = "UIInterfaceOrientationPortrait UIInterfaceOrientationLandscapeLeft UIInterfaceOrientationLandscapeRight";
				LD_RUNPATH_SEARCH_PATHS = (
					"$(inherited)",
					"@executable_path/Frameworks",
				);
				MARKETING_VERSION = 1.0;
				PRODUCT_BUNDLE_IDENTIFIER = doubleclick.InstgramApp;
				PRODUCT_NAME = "$(TARGET_NAME)";
				PROVISIONING_PROFILE_SPECIFIER = "";
				SWIFT_EMIT_LOC_STRINGS = YES;
				SWIFT_VERSION = 5.0;
				TARGETED_DEVICE_FAMILY = "1,2";
			};
			name = Release;
		};
		AA988AD42A5960F400AE32D7 /* Debug */ = {
			isa = XCBuildConfiguration;
			buildSettings = {
				ALWAYS_EMBED_SWIFT_STANDARD_LIBRARIES = YES;
				BUNDLE_LOADER = "$(TEST_HOST)";
				CODE_SIGN_STYLE = Automatic;
				CURRENT_PROJECT_VERSION = 1;
				GENERATE_INFOPLIST_FILE = YES;
				IPHONEOS_DEPLOYMENT_TARGET = 16.4;
				MARKETING_VERSION = 1.0;
				PRODUCT_BUNDLE_IDENTIFIER = doubleclick.InstgramAppTests;
				PRODUCT_NAME = "$(TARGET_NAME)";
				SWIFT_EMIT_LOC_STRINGS = NO;
				SWIFT_VERSION = 5.0;
				TARGETED_DEVICE_FAMILY = "1,2";
				TEST_HOST = "$(BUILT_PRODUCTS_DIR)/InstgramApp.app/$(BUNDLE_EXECUTABLE_FOLDER_PATH)/InstgramApp";
			};
			name = Debug;
		};
		AA988AD52A5960F400AE32D7 /* Release */ = {
			isa = XCBuildConfiguration;
			buildSettings = {
				ALWAYS_EMBED_SWIFT_STANDARD_LIBRARIES = YES;
				BUNDLE_LOADER = "$(TEST_HOST)";
				CODE_SIGN_STYLE = Automatic;
				CURRENT_PROJECT_VERSION = 1;
				GENERATE_INFOPLIST_FILE = YES;
				IPHONEOS_DEPLOYMENT_TARGET = 16.4;
				MARKETING_VERSION = 1.0;
				PRODUCT_BUNDLE_IDENTIFIER = doubleclick.InstgramAppTests;
				PRODUCT_NAME = "$(TARGET_NAME)";
				SWIFT_EMIT_LOC_STRINGS = NO;
				SWIFT_VERSION = 5.0;
				TARGETED_DEVICE_FAMILY = "1,2";
				TEST_HOST = "$(BUILT_PRODUCTS_DIR)/InstgramApp.app/$(BUNDLE_EXECUTABLE_FOLDER_PATH)/InstgramApp";
			};
			name = Release;
		};
		AA988AD72A5960F400AE32D7 /* Debug */ = {
			isa = XCBuildConfiguration;
			buildSettings = {
				ALWAYS_EMBED_SWIFT_STANDARD_LIBRARIES = YES;
				CODE_SIGN_STYLE = Automatic;
				CURRENT_PROJECT_VERSION = 1;
				GENERATE_INFOPLIST_FILE = YES;
				MARKETING_VERSION = 1.0;
				PRODUCT_BUNDLE_IDENTIFIER = doubleclick.InstgramAppUITests;
				PRODUCT_NAME = "$(TARGET_NAME)";
				SWIFT_EMIT_LOC_STRINGS = NO;
				SWIFT_VERSION = 5.0;
				TARGETED_DEVICE_FAMILY = "1,2";
				TEST_TARGET_NAME = InstgramApp;
			};
			name = Debug;
		};
		AA988AD82A5960F400AE32D7 /* Release */ = {
			isa = XCBuildConfiguration;
			buildSettings = {
				ALWAYS_EMBED_SWIFT_STANDARD_LIBRARIES = YES;
				CODE_SIGN_STYLE = Automatic;
				CURRENT_PROJECT_VERSION = 1;
				GENERATE_INFOPLIST_FILE = YES;
				MARKETING_VERSION = 1.0;
				PRODUCT_BUNDLE_IDENTIFIER = doubleclick.InstgramAppUITests;
				PRODUCT_NAME = "$(TARGET_NAME)";
				SWIFT_EMIT_LOC_STRINGS = NO;
				SWIFT_VERSION = 5.0;
				TARGETED_DEVICE_FAMILY = "1,2";
				TEST_TARGET_NAME = InstgramApp;
			};
			name = Release;
		};
/* End XCBuildConfiguration section */

/* Begin XCConfigurationList section */
		AA988AA72A5960F300AE32D7 /* Build configuration list for PBXProject "InstgramApp" */ = {
			isa = XCConfigurationList;
			buildConfigurations = (
				AA988ACE2A5960F400AE32D7 /* Debug */,
				AA988ACF2A5960F400AE32D7 /* Release */,
			);
			defaultConfigurationIsVisible = 0;
			defaultConfigurationName = Release;
		};
		AA988AD02A5960F400AE32D7 /* Build configuration list for PBXNativeTarget "InstgramApp" */ = {
			isa = XCConfigurationList;
			buildConfigurations = (
				AA988AD12A5960F400AE32D7 /* Debug */,
				AA988AD22A5960F400AE32D7 /* Release */,
			);
			defaultConfigurationIsVisible = 0;
			defaultConfigurationName = Release;
		};
		AA988AD32A5960F400AE32D7 /* Build configuration list for PBXNativeTarget "InstgramAppTests" */ = {
			isa = XCConfigurationList;
			buildConfigurations = (
				AA988AD42A5960F400AE32D7 /* Debug */,
				AA988AD52A5960F400AE32D7 /* Release */,
			);
			defaultConfigurationIsVisible = 0;
			defaultConfigurationName = Release;
		};
		AA988AD62A5960F400AE32D7 /* Build configuration list for PBXNativeTarget "InstgramAppUITests" */ = {
			isa = XCConfigurationList;
			buildConfigurations = (
				AA988AD72A5960F400AE32D7 /* Debug */,
				AA988AD82A5960F400AE32D7 /* Release */,
			);
			defaultConfigurationIsVisible = 0;
			defaultConfigurationName = Release;
		};
/* End XCConfigurationList section */
	};
	rootObject = AA988AA42A5960F300AE32D7 /* Project object */;
}
